
Microsoft Visual Studio Solution File, Format Version 12.00
# Visual Studio Version 17
VisualStudioVersion = 17.11.35303.130
MinimumVisualStudioVersion = 10.0.40219.1
Project("{9A19103F-16F7-4668-BE54-9A1E7A4F7556}") = "Design_Patterns.Behavioral.Mediator", "Design_Patterns.Behavioral.Mediator\Design_Patterns.Behavioral.Mediator.csproj", "{35A6B154-6872-47B6-89CF-A697B93E96CB}"
EndProject
Project("{9A19103F-16F7-4668-BE54-9A1E7A4F7556}") = "Design_Patterns.Creational.Builder", "Design_Patterns.Creational.Builder\Design_Patterns.Creational.Builder.csproj", "{D8BF3DD7-CDCA-462A-8BF7-89F2925B708F}"
EndProject
Project("{9A19103F-16F7-4668-BE54-9A1E7A4F7556}") = "Design_Patterns.Creational.Singleton", "Design_Patterns.Creational.Singleton\Design_Patterns.Creational.Singleton.csproj", "{7D3218A3-E348-4678-AD76-775D1EC1DF73}"
EndProject
Project("{9A19103F-16F7-4668-BE54-9A1E7A4F7556}") = "Design_Patterns.Behavioral.Strategy", "Design_Patterns.Behavioral.Strategy\Design_Patterns.Behavioral.Strategy.csproj", "{17120600-D337-41D2-9857-AB0B8817D50B}"
EndProject
Project("{9A19103F-16F7-4668-BE54-9A1E7A4F7556}") = "Design_Patterns.Creational.SimpleFactory", "Design_Patterns.Creational.SimpleFactory\Design_Patterns.Creational.SimpleFactory.csproj", "{E526897C-F0CA-4885-8FF9-EE9E1075910E}"
EndProject
Global
	GlobalSection(SolutionConfigurationPlatforms) = preSolution
		Debug|Any CPU = Debug|Any CPU
		Release|Any CPU = Release|Any CPU
	EndGlobalSection
	GlobalSection(ProjectConfigurationPlatforms) = postSolution
		{35A6B154-6872-47B6-89CF-A697B93E96CB}.Debug|Any CPU.ActiveCfg = Debug|Any CPU
		{35A6B154-6872-47B6-89CF-A697B93E96CB}.Debug|Any CPU.Build.0 = Debug|Any CPU
		{35A6B154-6872-47B6-89CF-A697B93E96CB}.Release|Any CPU.ActiveCfg = Release|Any CPU
		{35A6B154-6872-47B6-89CF-A697B93E96CB}.Release|Any CPU.Build.0 = Release|Any CPU
		{D8BF3DD7-CDCA-462A-8BF7-89F2925B708F}.Debug|Any CPU.ActiveCfg = Debug|Any CPU
		{D8BF3DD7-CDCA-462A-8BF7-89F2925B708F}.Debug|Any CPU.Build.0 = Debug|Any CPU
		{D8BF3DD7-CDCA-462A-8BF7-89F2925B708F}.Release|Any CPU.ActiveCfg = Release|Any CPU
		{D8BF3DD7-CDCA-462A-8BF7-89F2925B708F}.Release|Any CPU.Build.0 = Release|Any CPU
		{7D3218A3-E348-4678-AD76-775D1EC1DF73}.Debug|Any CPU.ActiveCfg = Debug|Any CPU
		{7D3218A3-E348-4678-AD76-775D1EC1DF73}.Debug|Any CPU.Build.0 = Debug|Any CPU
		{7D3218A3-E348-4678-AD76-775D1EC1DF73}.Release|Any CPU.ActiveCfg = Release|Any CPU
		{7D3218A3-E348-4678-AD76-775D1EC1DF73}.Release|Any CPU.Build.0 = Release|Any CPU
		{17120600-D337-41D2-9857-AB0B8817D50B}.Debug|Any CPU.ActiveCfg = Debug|Any CPU
		{17120600-D337-41D2-9857-AB0B8817D50B}.Debug|Any CPU.Build.0 = Debug|Any CPU
		{17120600-D337-41D2-9857-AB0B8817D50B}.Release|Any CPU.ActiveCfg = Release|Any CPU
		{17120600-D337-41D2-9857-AB0B8817D50B}.Release|Any CPU.Build.0 = Release|Any CPU
		{E526897C-F0CA-4885-8FF9-EE9E1075910E}.Debug|Any CPU.ActiveCfg = Debug|Any CPU
		{E526897C-F0CA-4885-8FF9-EE9E1075910E}.Debug|Any CPU.Build.0 = Debug|Any CPU
		{E526897C-F0CA-4885-8FF9-EE9E1075910E}.Release|Any CPU.ActiveCfg = Release|Any CPU
		{E526897C-F0CA-4885-8FF9-EE9E1075910E}.Release|Any CPU.Build.0 = Release|Any CPU
	EndGlobalSection
	GlobalSection(SolutionProperties) = preSolution
		HideSolutionNode = FALSE
	EndGlobalSection
	GlobalSection(ExtensibilityGlobals) = postSolution
		SolutionGuid = {E5F78AF9-AEB7-4BF7-9312-FD750AE98360}
	EndGlobalSection
EndGlobal
